
Microsoft Visual Studio Solution File, Format Version 11.00
# Visual Studio 2010
# SharpDevelop 4.3
Project("{FAE04EC0-301F-11D3-BF4B-00C04F79EFBC}") = "BitcoinCryptoTest", "BitcoinCryptoTest\BitcoinCryptoTest.csproj", "{6F758EBB-2409-4AED-9340-828B35E62F94}"
EndProject
Global
	GlobalSection(SolutionConfigurationPlatforms) = preSolution
		Debug|Any CPU = Debug|Any CPU
		Release|Any CPU = Release|Any CPU
	EndGlobalSection
	GlobalSection(ProjectConfigurationPlatforms) = postSolution
		{6F758EBB-2409-4AED-9340-828B35E62F94}.Debug|Any CPU.Build.0 = Debug|Any CPU
		{6F758EBB-2409-4AED-9340-828B35E62F94}.Debug|Any CPU.ActiveCfg = Debug|Any CPU
		{6F758EBB-2409-4AED-9340-828B35E62F94}.Release|Any CPU.Build.0 = Release|Any CPU
		{6F758EBB-2409-4AED-9340-828B35E62F94}.Release|Any CPU.ActiveCfg = Release|Any CPU
	EndGlobalSection
EndGlobal
